
Microsoft Visual Studio Solution File, Format Version 12.00
# Visual Studio Version 17
VisualStudioVersion = 17.8.34511.84
MinimumVisualStudioVersion = 10.0.40219.1
Project("{FAE04EC0-301F-11D3-BF4B-00C04F79EFBC}") = "E-Commerce", "E-Commerce\E-Commerce.csproj", "{FE339867-C43C-4C04-8CFE-FC5539DAA5CA}"
EndProject
Global
	GlobalSection(SolutionConfigurationPlatforms) = preSolution
		Debug|Any CPU = Debug|Any CPU
		Release|Any CPU = Release|Any CPU
	EndGlobalSection
	GlobalSection(ProjectConfigurationPlatforms) = postSolution
		{FE339867-C43C-4C04-8CFE-FC5539DAA5CA}.Debug|Any CPU.ActiveCfg = Debug|Any CPU
		{FE339867-C43C-4C04-8CFE-FC5539DAA5CA}.Debug|Any CPU.Build.0 = Debug|Any CPU
		{FE339867-C43C-4C04-8CFE-FC5539DAA5CA}.Release|Any CPU.ActiveCfg = Release|Any CPU
		{FE339867-C43C-4C04-8CFE-FC5539DAA5CA}.Release|Any CPU.Build.0 = Release|Any CPU
	EndGlobalSection
	GlobalSection(SolutionProperties) = preSolution
		HideSolutionNode = FALSE
	EndGlobalSection
	GlobalSection(ExtensibilityGlobals) = postSolution
		SolutionGuid = {5F964236-59EB-4AA1-A3A7-24B97F90D775}
	EndGlobalSection
EndGlobal
